
Microsoft Visual Studio Solution File, Format Version 12.00
# Visual Studio Version 17
VisualStudioVersion = 17.3.32825.248
MinimumVisualStudioVersion = 10.0.40219.1
Project("{FAE04EC0-301F-11D3-BF4B-00C04F79EFBC}") = "practicode2", "practicode2.csproj", "{28A1510F-230A-4C9A-A3CB-8B8A5E213D08}"
EndProject
Global
	GlobalSection(SolutionConfigurationPlatforms) = preSolution
		Debug|Any CPU = Debug|Any CPU
		Release|Any CPU = Release|Any CPU
	EndGlobalSection
	GlobalSection(ProjectConfigurationPlatforms) = postSolution
		{28A1510F-230A-4C9A-A3CB-8B8A5E213D08}.Debug|Any CPU.ActiveCfg = Debug|Any CPU
		{28A1510F-230A-4C9A-A3CB-8B8A5E213D08}.Debug|Any CPU.Build.0 = Debug|Any CPU
		{28A1510F-230A-4C9A-A3CB-8B8A5E213D08}.Release|Any CPU.ActiveCfg = Release|Any CPU
		{28A1510F-230A-4C9A-A3CB-8B8A5E213D08}.Release|Any CPU.Build.0 = Release|Any CPU
	EndGlobalSection
	GlobalSection(SolutionProperties) = preSolution
		HideSolutionNode = FALSE
	EndGlobalSection
	GlobalSection(ExtensibilityGlobals) = postSolution
		SolutionGuid = {F379DA8D-DACD-4373-AE91-71D00799DBF8}
	EndGlobalSection
EndGlobal
